
Microsoft Visual Studio Solution File, Format Version 12.00
# Visual Studio 15
VisualStudioVersion = 15.0.28010.2016
MinimumVisualStudioVersion = 10.0.40219.1
Project("{FAE04EC0-301F-11D3-BF4B-00C04F79EFBC}") = "simple.websocket.sample", "simple.websocket.sample\simple.websocket.sample.csproj", "{5B6B8E8C-8712-47CA-B9DF-CC6CEC712087}"
EndProject
Global
	GlobalSection(SolutionConfigurationPlatforms) = preSolution
		Debug|Any CPU = Debug|Any CPU
		Release|Any CPU = Release|Any CPU
	EndGlobalSection
	GlobalSection(ProjectConfigurationPlatforms) = postSolution
		{5B6B8E8C-8712-47CA-B9DF-CC6CEC712087}.Debug|Any CPU.ActiveCfg = Debug|Any CPU
		{5B6B8E8C-8712-47CA-B9DF-CC6CEC712087}.Debug|Any CPU.Build.0 = Debug|Any CPU
		{5B6B8E8C-8712-47CA-B9DF-CC6CEC712087}.Release|Any CPU.ActiveCfg = Release|Any CPU
		{5B6B8E8C-8712-47CA-B9DF-CC6CEC712087}.Release|Any CPU.Build.0 = Release|Any CPU
	EndGlobalSection
	GlobalSection(SolutionProperties) = preSolution
		HideSolutionNode = FALSE
	EndGlobalSection
	GlobalSection(ExtensibilityGlobals) = postSolution
		SolutionGuid = {82A7AB98-CB4F-49F9-9625-F366F2AC1BA2}
	EndGlobalSection
EndGlobal
